// !$*UTF8*$!
{
	archiveVersion = 1;
	classes = {
	};
	objectVersion = 46;
	objects = {

/* Begin PBXBuildFile section */
		CA1FAA2A1E4E127800073A53 /* z.wav in Resources */ = {isa = PBXBuildFile; fileRef = CA1FAA291E4E127800073A53 /* z.wav */; };
		CA4902DD1E44260800AD3B2B /* AppDelegate.swift in Sources */ = {isa = PBXBuildFile; fileRef = CA4902DC1E44260800AD3B2B /* AppDelegate.swift */; };
		CA4902DF1E44260800AD3B2B /* GameScene.sks in Resources */ = {isa = PBXBuildFile; fileRef = CA4902DE1E44260800AD3B2B /* GameScene.sks */; };
		CA4902E11E44260800AD3B2B /* Actions.sks in Resources */ = {isa = PBXBuildFile; fileRef = CA4902E01E44260800AD3B2B /* Actions.sks */; };
		CA4902E31E44260800AD3B2B /* GameScene.swift in Sources */ = {isa = PBXBuildFile; fileRef = CA4902E21E44260800AD3B2B /* GameScene.swift */; };
		CA4902E51E44260800AD3B2B /* GameViewController.swift in Sources */ = {isa = PBXBuildFile; fileRef = CA4902E41E44260800AD3B2B /* GameViewController.swift */; };
		CA4902E81E44260800AD3B2B /* Main.storyboard in Resources */ = {isa = PBXBuildFile; fileRef = CA4902E61E44260800AD3B2B /* Main.storyboard */; };
		CA4902EA1E44260900AD3B2B /* Assets.xcassets in Resources */ = {isa = PBXBuildFile; fileRef = CA4902E91E44260900AD3B2B /* Assets.xcassets */; };
		CA4902ED1E44260900AD3B2B /* LaunchScreen.storyboard in Resources */ = {isa = PBXBuildFile; fileRef = CA4902EB1E44260900AD3B2B /* LaunchScreen.storyboard */; };
		CA4902F81E44260900AD3B2B /* GameOneTests.swift in Sources */ = {isa = PBXBuildFile; fileRef = CA4902F71E44260900AD3B2B /* GameOneTests.swift */; };
		CA4903031E44260900AD3B2B /* GameOneUITests.swift in Sources */ = {isa = PBXBuildFile; fileRef = CA4903021E44260900AD3B2B /* GameOneUITests.swift */; };
		CA4903171E443E1B00AD3B2B /* m.wav in Resources */ = {isa = PBXBuildFile; fileRef = CA4903161E443E1B00AD3B2B /* m.wav */; };
		CA4903191E443E3200AD3B2B /* G.mp3 in Resources */ = {isa = PBXBuildFile; fileRef = CA4903181E443E3200AD3B2B /* G.mp3 */; };
		CA6FEBDB1E7B288A001926D9 /* CreateUser.sks in Resources */ = {isa = PBXBuildFile; fileRef = CA6FEBDA1E7B288A001926D9 /* CreateUser.sks */; };
		CA6FEBDD1E7B28DF001926D9 /* CreateUser.swift in Sources */ = {isa = PBXBuildFile; fileRef = CA6FEBDC1E7B28DF001926D9 /* CreateUser.swift */; };
		CA6FEBDF1E7B3075001926D9 /* Shephertz_App42_iOS_API.framework in Frameworks */ = {isa = PBXBuildFile; fileRef = CA6FEBDE1E7B3075001926D9 /* Shephertz_App42_iOS_API.framework */; };
		CA6FEBE21E7B309B001926D9 /* CoreTelephony.framework in Frameworks */ = {isa = PBXBuildFile; fileRef = CA6FEBE11E7B309B001926D9 /* CoreTelephony.framework */; };
		CA6FEBE41E7B30A8001926D9 /* SystemConfiguration.framework in Frameworks */ = {isa = PBXBuildFile; fileRef = CA6FEBE31E7B30A8001926D9 /* SystemConfiguration.framework */; };
		CA6FEBEB1E7B56CD001926D9 /* LeaderB.sks in Resources */ = {isa = PBXBuildFile; fileRef = CA6FEBEA1E7B56CD001926D9 /* LeaderB.sks */; };
		CA6FEBED1E7B56E2001926D9 /* LeaderB.swift in Sources */ = {isa = PBXBuildFile; fileRef = CA6FEBEC1E7B56E2001926D9 /* LeaderB.swift */; };
		CA6FEBEF1E7B7F0B001926D9 /* Social.framework in Frameworks */ = {isa = PBXBuildFile; fileRef = CA6FEBEE1E7B7F0B001926D9 /* Social.framework */; };
		CA75F1D81E569874009F6398 /* ae.atlasc in Resources */ = {isa = PBXBuildFile; fileRef = CA75F1D71E569874009F6398 /* ae.atlasc */; };
		CA75F1DC1E5FCCD3009F6398 /* SplashS.sks in Resources */ = {isa = PBXBuildFile; fileRef = CA75F1DB1E5FCCD3009F6398 /* SplashS.sks */; };
		CA75F1DE1E5FCFF5009F6398 /* SplashS.swift in Sources */ = {isa = PBXBuildFile; fileRef = CA75F1DD1E5FCFF5009F6398 /* SplashS.swift */; };
		CA75F1E01E5FD1D0009F6398 /* MenuS.sks in Resources */ = {isa = PBXBuildFile; fileRef = CA75F1DF1E5FD1D0009F6398 /* MenuS.sks */; };
		CA75F1E21E5FD1F4009F6398 /* MenuS.swift in Sources */ = {isa = PBXBuildFile; fileRef = CA75F1E11E5FD1F4009F6398 /* MenuS.swift */; };
		CA75F1E51E5FE564009F6398 /* Credits.sks in Resources */ = {isa = PBXBuildFile; fileRef = CA75F1E41E5FE564009F6398 /* Credits.sks */; };
		CA75F1E71E5FE5B7009F6398 /* Credits.swift in Sources */ = {isa = PBXBuildFile; fileRef = CA75F1E61E5FE5B7009F6398 /* Credits.swift */; };
/* End PBXBuildFile section */

/* Begin PBXContainerItemProxy section */
		CA4902F41E44260900AD3B2B /* PBXContainerItemProxy */ = {
			isa = PBXContainerItemProxy;
			containerPortal = CA4902D11E44260800AD3B2B /* Project object */;
			proxyType = 1;
			remoteGlobalIDString = CA4902D81E44260800AD3B2B;
			remoteInfo = GameOne;
		};
		CA4902FF1E44260900AD3B2B /* PBXContainerItemProxy */ = {
			isa = PBXContainerItemProxy;
			containerPortal = CA4902D11E44260800AD3B2B /* Project object */;
			proxyType = 1;
			remoteGlobalIDString = CA4902D81E44260800AD3B2B;
			remoteInfo = GameOne;
		};
/* End PBXContainerItemProxy section */

/* Begin PBXFileReference section */
		CA1FAA291E4E127800073A53 /* z.wav */ = {isa = PBXFileReference; lastKnownFileType = audio.wav; path = z.wav; sourceTree = "<group>"; };
		CA4902D91E44260800AD3B2B /* GameOne.app */ = {isa = PBXFileReference; explicitFileType = wrapper.application; includeInIndex = 0; path = GameOne.app; sourceTree = BUILT_PRODUCTS_DIR; };
		CA4902DC1E44260800AD3B2B /* AppDelegate.swift */ = {isa = PBXFileReference; lastKnownFileType = sourcecode.swift; path = AppDelegate.swift; sourceTree = "<group>"; };
		CA4902DE1E44260800AD3B2B /* GameScene.sks */ = {isa = PBXFileReference; lastKnownFileType = file.sks; path = GameScene.sks; sourceTree = "<group>"; };
		CA4902E01E44260800AD3B2B /* Actions.sks */ = {isa = PBXFileReference; lastKnownFileType = file.sks; path = Actions.sks; sourceTree = "<group>"; };
		CA4902E21E44260800AD3B2B /* GameScene.swift */ = {isa = PBXFileReference; lastKnownFileType = sourcecode.swift; path = GameScene.swift; sourceTree = "<group>"; };
		CA4902E41E44260800AD3B2B /* GameViewController.swift */ = {isa = PBXFileReference; lastKnownFileType = sourcecode.swift; path = GameViewController.swift; sourceTree = "<group>"; };
		CA4902E71E44260800AD3B2B /* Base */ = {isa = PBXFileReference; lastKnownFileType = file.storyboard; name = Base; path = Base.lproj/Main.storyboard; sourceTree = "<group>"; };
		CA4902E91E44260900AD3B2B /* Assets.xcassets */ = {isa = PBXFileReference; lastKnownFileType = folder.assetcatalog; path = Assets.xcassets; sourceTree = "<group>"; };
		CA4902EC1E44260900AD3B2B /* Base */ = {isa = PBXFileReference; lastKnownFileType = file.storyboard; name = Base; path = Base.lproj/LaunchScreen.storyboard; sourceTree = "<group>"; };
		CA4902EE1E44260900AD3B2B /* Info.plist */ = {isa = PBXFileReference; lastKnownFileType = text.plist.xml; path = Info.plist; sourceTree = "<group>"; };
		CA4902F31E44260900AD3B2B /* GameOneTests.xctest */ = {isa = PBXFileReference; explicitFileType = wrapper.cfbundle; includeInIndex = 0; path = GameOneTests.xctest; sourceTree = BUILT_PRODUCTS_DIR; };
		CA4902F71E44260900AD3B2B /* GameOneTests.swift */ = {isa = PBXFileReference; lastKnownFileType = sourcecode.swift; path = GameOneTests.swift; sourceTree = "<group>"; };
		CA4902F91E44260900AD3B2B /* Info.plist */ = {isa = PBXFileReference; lastKnownFileType = text.plist.xml; path = Info.plist; sourceTree = "<group>"; };
		CA4902FE1E44260900AD3B2B /* GameOneUITests.xctest */ = {isa = PBXFileReference; explicitFileType = wrapper.cfbundle; includeInIndex = 0; path = GameOneUITests.xctest; sourceTree = BUILT_PRODUCTS_DIR; };
		CA4903021E44260900AD3B2B /* GameOneUITests.swift */ = {isa = PBXFileReference; lastKnownFileType = sourcecode.swift; path = GameOneUITests.swift; sourceTree = "<group>"; };
		CA4903041E44260900AD3B2B /* Info.plist */ = {isa = PBXFileReference; lastKnownFileType = text.plist.xml; path = Info.plist; sourceTree = "<group>"; };
		CA4903161E443E1B00AD3B2B /* m.wav */ = {isa = PBXFileReference; lastKnownFileType = audio.wav; path = m.wav; sourceTree = "<group>"; };
		CA4903181E443E3200AD3B2B /* G.mp3 */ = {isa = PBXFileReference; lastKnownFileType = audio.mp3; path = G.mp3; sourceTree = "<group>"; };
		CA6FEBDA1E7B288A001926D9 /* CreateUser.sks */ = {isa = PBXFileReference; lastKnownFileType = file.sks; path = CreateUser.sks; sourceTree = "<group>"; };
		CA6FEBDC1E7B28DF001926D9 /* CreateUser.swift */ = {isa = PBXFileReference; fileEncoding = 4; lastKnownFileType = sourcecode.swift; path = CreateUser.swift; sourceTree = "<group>"; };
		CA6FEBDE1E7B3075001926D9 /* Shephertz_App42_iOS_API.framework */ = {isa = PBXFileReference; lastKnownFileType = wrapper.framework; name = Shephertz_App42_iOS_API.framework; path = GameOne/Shephertz_App42_iOS_API.framework; sourceTree = "<group>"; };
		CA6FEBE11E7B309B001926D9 /* CoreTelephony.framework */ = {isa = PBXFileReference; lastKnownFileType = wrapper.framework; name = CoreTelephony.framework; path = System/Library/Frameworks/CoreTelephony.framework; sourceTree = SDKROOT; };
		CA6FEBE31E7B30A8001926D9 /* SystemConfiguration.framework */ = {isa = PBXFileReference; lastKnownFileType = wrapper.framework; name = SystemConfiguration.framework; path = System/Library/Frameworks/SystemConfiguration.framework; sourceTree = SDKROOT; };
		CA6FEBE61E7B31FC001926D9 /* GameOne-Bridging-Header.h */ = {isa = PBXFileReference; lastKnownFileType = sourcecode.c.h; path = "GameOne-Bridging-Header.h"; sourceTree = "<group>"; };
		CA6FEBEA1E7B56CD001926D9 /* LeaderB.sks */ = {isa = PBXFileReference; lastKnownFileType = file.sks; path = LeaderB.sks; sourceTree = "<group>"; };
		CA6FEBEC1E7B56E2001926D9 /* LeaderB.swift */ = {isa = PBXFileReference; fileEncoding = 4; lastKnownFileType = sourcecode.swift; path = LeaderB.swift; sourceTree = "<group>"; };
		CA6FEBEE1E7B7F0B001926D9 /* Social.framework */ = {isa = PBXFileReference; lastKnownFileType = wrapper.framework; name = Social.framework; path = System/Library/Frameworks/Social.framework; sourceTree = SDKROOT; };
		CA75F1D71E569874009F6398 /* ae.atlasc */ = {isa = PBXFileReference; lastKnownFileType = folder; path = ae.atlasc; sourceTree = "<group>"; };
		CA75F1DB1E5FCCD3009F6398 /* SplashS.sks */ = {isa = PBXFileReference; lastKnownFileType = file.sks; path = SplashS.sks; sourceTree = "<group>"; };
		CA75F1DD1E5FCFF5009F6398 /* SplashS.swift */ = {isa = PBXFileReference; fileEncoding = 4; lastKnownFileType = sourcecode.swift; path = SplashS.swift; sourceTree = "<group>"; };
		CA75F1DF1E5FD1D0009F6398 /* MenuS.sks */ = {isa = PBXFileReference; lastKnownFileType = file.sks; path = MenuS.sks; sourceTree = "<group>"; };
		CA75F1E11E5FD1F4009F6398 /* MenuS.swift */ = {isa = PBXFileReference; fileEncoding = 4; lastKnownFileType = sourcecode.swift; path = MenuS.swift; sourceTree = "<group>"; };
		CA75F1E41E5FE564009F6398 /* Credits.sks */ = {isa = PBXFileReference; lastKnownFileType = file.sks; path = Credits.sks; sourceTree = "<group>"; };
		CA75F1E61E5FE5B7009F6398 /* Credits.swift */ = {isa = PBXFileReference; fileEncoding = 4; lastKnownFileType = sourcecode.swift; path = Credits.swift; sourceTree = "<group>"; };
/* End PBXFileReference section */

/* Begin PBXFrameworksBuildPhase section */
		CA4902D61E44260800AD3B2B /* Frameworks */ = {
			isa = PBXFrameworksBuildPhase;
			buildActionMask = 2147483647;
			files = (
				CA6FEBEF1E7B7F0B001926D9 /* Social.framework in Frameworks */,
				CA6FEBE41E7B30A8001926D9 /* SystemConfiguration.framework in Frameworks */,
				CA6FEBE21E7B309B001926D9 /* CoreTelephony.framework in Frameworks */,
				CA6FEBDF1E7B3075001926D9 /* Shephertz_App42_iOS_API.framework in Frameworks */,
			);
			runOnlyForDeploymentPostprocessing = 0;
		};
		CA4902F01E44260900AD3B2B /* Frameworks */ = {
			isa = PBXFrameworksBuildPhase;
			buildActionMask = 2147483647;
			files = (
			);
			runOnlyForDeploymentPostprocessing = 0;
		};
		CA4902FB1E44260900AD3B2B /* Frameworks */ = {
			isa = PBXFrameworksBuildPhase;
			buildActionMask = 2147483647;
			files = (
			);
			runOnlyForDeploymentPostprocessing = 0;
		};
/* End PBXFrameworksBuildPhase section */

/* Begin PBXGroup section */
		CA4902D01E44260800AD3B2B = {
			isa = PBXGroup;
			children = (
				CA4902DB1E44260800AD3B2B /* GameOne */,
				CA4902F61E44260900AD3B2B /* GameOneTests */,
				CA4903011E44260900AD3B2B /* GameOneUITests */,
				CA4902DA1E44260800AD3B2B /* Products */,
				CA6FEBE01E7B309B001926D9 /* Frameworks */,
			);
			sourceTree = "<group>";
		};
		CA4902DA1E44260800AD3B2B /* Products */ = {
			isa = PBXGroup;
			children = (
				CA4902D91E44260800AD3B2B /* GameOne.app */,
				CA4902F31E44260900AD3B2B /* GameOneTests.xctest */,
				CA4902FE1E44260900AD3B2B /* GameOneUITests.xctest */,
			);
			name = Products;
			sourceTree = "<group>";
		};
		CA4902DB1E44260800AD3B2B /* GameOne */ = {
			isa = PBXGroup;
			children = (
				CA4902DC1E44260800AD3B2B /* AppDelegate.swift */,
				CA75F1E31E5FD475009F6398 /* GameS */,
				CA75F1E11E5FD1F4009F6398 /* MenuS.swift */,
				CA75F1E61E5FE5B7009F6398 /* Credits.swift */,
				CA6FEBEC1E7B56E2001926D9 /* LeaderB.swift */,
				CA6FEBDC1E7B28DF001926D9 /* CreateUser.swift */,
				CA75F1DD1E5FCFF5009F6398 /* SplashS.swift */,
				CA4902E21E44260800AD3B2B /* GameScene.swift */,
				CA4902E41E44260800AD3B2B /* GameViewController.swift */,
				CA4902E61E44260800AD3B2B /* Main.storyboard */,
				CA4902E91E44260900AD3B2B /* Assets.xcassets */,
				CA75F1D71E569874009F6398 /* ae.atlasc */,
				CA4903161E443E1B00AD3B2B /* m.wav */,
				CA4903181E443E3200AD3B2B /* G.mp3 */,
				CA1FAA291E4E127800073A53 /* z.wav */,
				CA4902EB1E44260900AD3B2B /* LaunchScreen.storyboard */,
				CA4902EE1E44260900AD3B2B /* Info.plist */,
				CA6FEBE61E7B31FC001926D9 /* GameOne-Bridging-Header.h */,
			);
			path = GameOne;
			sourceTree = "<group>";
		};
		CA4902F61E44260900AD3B2B /* GameOneTests */ = {
			isa = PBXGroup;
			children = (
				CA4902F71E44260900AD3B2B /* GameOneTests.swift */,
				CA4902F91E44260900AD3B2B /* Info.plist */,
			);
			path = GameOneTests;
			sourceTree = "<group>";
		};
		CA4903011E44260900AD3B2B /* GameOneUITests */ = {
			isa = PBXGroup;
			children = (
				CA4903021E44260900AD3B2B /* GameOneUITests.swift */,
				CA4903041E44260900AD3B2B /* Info.plist */,
			);
			path = GameOneUITests;
			sourceTree = "<group>";
		};
		CA6FEBE01E7B309B001926D9 /* Frameworks */ = {
			isa = PBXGroup;
			children = (
				CA6FEBEE1E7B7F0B001926D9 /* Social.framework */,
				CA6FEBDE1E7B3075001926D9 /* Shephertz_App42_iOS_API.framework */,
				CA6FEBE31E7B30A8001926D9 /* SystemConfiguration.framework */,
				CA6FEBE11E7B309B001926D9 /* CoreTelephony.framework */,
			);
			name = Frameworks;
			sourceTree = "<group>";
		};
		CA75F1E31E5FD475009F6398 /* GameS */ = {
			isa = PBXGroup;
			children = (
				CA4902DE1E44260800AD3B2B /* GameScene.sks */,
				CA75F1DB1E5FCCD3009F6398 /* SplashS.sks */,
				CA75F1DF1E5FD1D0009F6398 /* MenuS.sks */,
				CA4902E01E44260800AD3B2B /* Actions.sks */,
				CA75F1E41E5FE564009F6398 /* Credits.sks */,
				CA6FEBDA1E7B288A001926D9 /* CreateUser.sks */,
				CA6FEBEA1E7B56CD001926D9 /* LeaderB.sks */,
			);
			name = GameS;
			sourceTree = "<group>";
		};
/* End PBXGroup section */

/* Begin PBXNativeTarget section */
		CA4902D81E44260800AD3B2B /* GameOne */ = {
			isa = PBXNativeTarget;
			buildConfigurationList = CA4903071E44260900AD3B2B /* Build configuration list for PBXNativeTarget "GameOne" */;
			buildPhases = (
				CA4902D51E44260800AD3B2B /* Sources */,
				CA4902D61E44260800AD3B2B /* Frameworks */,
				CA4902D71E44260800AD3B2B /* Resources */,
			);
			buildRules = (
			);
			dependencies = (
			);
			name = GameOne;
			productName = GameOne;
			productReference = CA4902D91E44260800AD3B2B /* GameOne.app */;
			productType = "com.apple.product-type.application";
		};
		CA4902F21E44260900AD3B2B /* GameOneTests */ = {
			isa = PBXNativeTarget;
			buildConfigurationList = CA49030A1E44260900AD3B2B /* Build configuration list for PBXNativeTarget "GameOneTests" */;
			buildPhases = (
				CA4902EF1E44260900AD3B2B /* Sources */,
				CA4902F01E44260900AD3B2B /* Frameworks */,
				CA4902F11E44260900AD3B2B /* Resources */,
			);
			buildRules = (
			);
			dependencies = (
				CA4902F51E44260900AD3B2B /* PBXTargetDependency */,
			);
			name = GameOneTests;
			productName = GameOneTests;
			productReference = CA4902F31E44260900AD3B2B /* GameOneTests.xctest */;
			productType = "com.apple.product-type.bundle.unit-test";
		};
		CA4902FD1E44260900AD3B2B /* GameOneUITests */ = {
			isa = PBXNativeTarget;
			buildConfigurationList = CA49030D1E44260900AD3B2B /* Build configuration list for PBXNativeTarget "GameOneUITests" */;
			buildPhases = (
				CA4902FA1E44260900AD3B2B /* Sources */,
				CA4902FB1E44260900AD3B2B /* Frameworks */,
				CA4902FC1E44260900AD3B2B /* Resources */,
			);
			buildRules = (
			);
			dependencies = (
				CA4903001E44260900AD3B2B /* PBXTargetDependency */,
			);
			name = GameOneUITests;
			productName = GameOneUITests;
			productReference = CA4902FE1E44260900AD3B2B /* GameOneUITests.xctest */;
			productType = "com.apple.product-type.bundle.ui-testing";
		};
/* End PBXNativeTarget section */

/* Begin PBXProject section */
		CA4902D11E44260800AD3B2B /* Project object */ = {
			isa = PBXProject;
			attributes = {
				LastSwiftUpdateCheck = 0820;
				LastUpgradeCheck = 0820;
				ORGANIZATIONNAME = Jusufin;
				TargetAttributes = {
					CA4902D81E44260800AD3B2B = {
						CreatedOnToolsVersion = 8.2.1;
						LastSwiftMigration = 0820;
						ProvisioningStyle = Automatic;
					};
					CA4902F21E44260900AD3B2B = {
						CreatedOnToolsVersion = 8.2.1;
						ProvisioningStyle = Automatic;
						TestTargetID = CA4902D81E44260800AD3B2B;
					};
					CA4902FD1E44260900AD3B2B = {
						CreatedOnToolsVersion = 8.2.1;
						ProvisioningStyle = Automatic;
						TestTargetID = CA4902D81E44260800AD3B2B;
					};
				};
			};
			buildConfigurationList = CA4902D41E44260800AD3B2B /* Build configuration list for PBXProject "GameOne" */;
			compatibilityVersion = "Xcode 3.2";
			developmentRegion = English;
			hasScannedForEncodings = 0;
			knownRegions = (
				en,
				Base,
			);
			mainGroup = CA4902D01E44260800AD3B2B;
			productRefGroup = CA4902DA1E44260800AD3B2B /* Products */;
			projectDirPath = "";
			projectRoot = "";
			targets = (
				CA4902D81E44260800AD3B2B /* GameOne */,
				CA4902F21E44260900AD3B2B /* GameOneTests */,
				CA4902FD1E44260900AD3B2B /* GameOneUITests */,
			);
		};
/* End PBXProject section */

/* Begin PBXResourcesBuildPhase section */
		CA4902D71E44260800AD3B2B /* Resources */ = {
			isa = PBXResourcesBuildPhase;
			buildActionMask = 2147483647;
			files = (
				CA75F1DC1E5FCCD3009F6398 /* SplashS.sks in Resources */,
				CA75F1E01E5FD1D0009F6398 /* MenuS.sks in Resources */,
				CA4903171E443E1B00AD3B2B /* m.wav in Resources */,
				CA4902E81E44260800AD3B2B /* Main.storyboard in Resources */,
				CA75F1E51E5FE564009F6398 /* Credits.sks in Resources */,
				CA75F1D81E569874009F6398 /* ae.atlasc in Resources */,
				CA4902DF1E44260800AD3B2B /* GameScene.sks in Resources */,
				CA1FAA2A1E4E127800073A53 /* z.wav in Resources */,
				CA4902EA1E44260900AD3B2B /* Assets.xcassets in Resources */,
				CA4902ED1E44260900AD3B2B /* LaunchScreen.storyboard in Resources */,
				CA6FEBDB1E7B288A001926D9 /* CreateUser.sks in Resources */,
				CA4903191E443E3200AD3B2B /* G.mp3 in Resources */,
				CA4902E11E44260800AD3B2B /* Actions.sks in Resources */,
				CA6FEBEB1E7B56CD001926D9 /* LeaderB.sks in Resources */,
			);
			runOnlyForDeploymentPostprocessing = 0;
		};
		CA4902F11E44260900AD3B2B /* Resources */ = {
			isa = PBXResourcesBuildPhase;
			buildActionMask = 2147483647;
			files = (
			);
			runOnlyForDeploymentPostprocessing = 0;
		};
		CA4902FC1E44260900AD3B2B /* Resources */ = {
			isa = PBXResourcesBuildPhase;
			buildActionMask = 2147483647;
			files = (
			);
			runOnlyForDeploymentPostprocessing = 0;
		};
/* End PBXResourcesBuildPhase section */

/* Begin PBXSourcesBuildPhase section */
		CA4902D51E44260800AD3B2B /* Sources */ = {
			isa = PBXSourcesBuildPhase;
			buildActionMask = 2147483647;
			files = (
				CA4902E31E44260800AD3B2B /* GameScene.swift in Sources */,
				CA75F1E21E5FD1F4009F6398 /* MenuS.swift in Sources */,
				CA4902E51E44260800AD3B2B /* GameViewController.swift in Sources */,
				CA75F1DE1E5FCFF5009F6398 /* SplashS.swift in Sources */,
				CA75F1E71E5FE5B7009F6398 /* Credits.swift in Sources */,
				CA4902DD1E44260800AD3B2B /* AppDelegate.swift in Sources */,
				CA6FEBDD1E7B28DF001926D9 /* CreateUser.swift in Sources */,
				CA6FEBED1E7B56E2001926D9 /* LeaderB.swift in Sources */,
			);
			runOnlyForDeploymentPostprocessing = 0;
		};
		CA4902EF1E44260900AD3B2B /* Sources */ = {
			isa = PBXSourcesBuildPhase;
			buildActionMask = 2147483647;
			files = (
				CA4902F81E44260900AD3B2B /* GameOneTests.swift in Sources */,
			);
			runOnlyForDeploymentPostprocessing = 0;
		};
		CA4902FA1E44260900AD3B2B /* Sources */ = {
			isa = PBXSourcesBuildPhase;
			buildActionMask = 2147483647;
			files = (
				CA4903031E44260900AD3B2B /* GameOneUITests.swift in Sources */,
			);
			runOnlyForDeploymentPostprocessing = 0;
		};
/* End PBXSourcesBuildPhase section */

/* Begin PBXTargetDependency section */
		CA4902F51E44260900AD3B2B /* PBXTargetDependency */ = {
			isa = PBXTargetDependency;
			target = CA4902D81E44260800AD3B2B /* GameOne */;
			targetProxy = CA4902F41E44260900AD3B2B /* PBXContainerItemProxy */;
		};
		CA4903001E44260900AD3B2B /* PBXTargetDependency */ = {
			isa = PBXTargetDependency;
			target = CA4902D81E44260800AD3B2B /* GameOne */;
			targetProxy = CA4902FF1E44260900AD3B2B /* PBXContainerItemProxy */;
		};
/* End PBXTargetDependency section */

/* Begin PBXVariantGroup section */
		CA4902E61E44260800AD3B2B /* Main.storyboard */ = {
			isa = PBXVariantGroup;
			children = (
				CA4902E71E44260800AD3B2B /* Base */,
			);
			name = Main.storyboard;
			sourceTree = "<group>";
		};
		CA4902EB1E44260900AD3B2B /* LaunchScreen.storyboard */ = {
			isa = PBXVariantGroup;
			children = (
				CA4902EC1E44260900AD3B2B /* Base */,
			);
			name = LaunchScreen.storyboard;
			sourceTree = "<group>";
		};
/* End PBXVariantGroup section */

/* Begin XCBuildConfiguration section */
		CA4903051E44260900AD3B2B /* Debug */ = {
			isa = XCBuildConfiguration;
			buildSettings = {
				ALWAYS_SEARCH_USER_PATHS = NO;
				CLANG_ANALYZER_NONNULL = YES;
				CLANG_CXX_LANGUAGE_STANDARD = "gnu++0x";
				CLANG_CXX_LIBRARY = "libc++";
				CLANG_ENABLE_MODULES = YES;
				CLANG_ENABLE_OBJC_ARC = YES;
				CLANG_WARN_BOOL_CONVERSION = YES;
				CLANG_WARN_CONSTANT_CONVERSION = YES;
				CLANG_WARN_DIRECT_OBJC_ISA_USAGE = YES_ERROR;
				CLANG_WARN_DOCUMENTATION_COMMENTS = YES;
				CLANG_WARN_EMPTY_BODY = YES;
				CLANG_WARN_ENUM_CONVERSION = YES;
				CLANG_WARN_INFINITE_RECURSION = YES;
				CLANG_WARN_INT_CONVERSION = YES;
				CLANG_WARN_OBJC_ROOT_CLASS = YES_ERROR;
				CLANG_WARN_SUSPICIOUS_MOVE = YES;
				CLANG_WARN_UNREACHABLE_CODE = YES;
				CLANG_WARN__DUPLICATE_METHOD_MATCH = YES;
				"CODE_SIGN_IDENTITY[sdk=iphoneos*]" = "iPhone Developer";
				COPY_PHASE_STRIP = NO;
				DEBUG_INFORMATION_FORMAT = dwarf;
				ENABLE_STRICT_OBJC_MSGSEND = YES;
				ENABLE_TESTABILITY = YES;
				GCC_C_LANGUAGE_STANDARD = gnu99;
				GCC_DYNAMIC_NO_PIC = NO;
				GCC_NO_COMMON_BLOCKS = YES;
				GCC_OPTIMIZATION_LEVEL = 0;
				GCC_PREPROCESSOR_DEFINITIONS = (
					"DEBUG=1",
					"$(inherited)",
				);
				GCC_WARN_64_TO_32_BIT_CONVERSION = YES;
				GCC_WARN_ABOUT_RETURN_TYPE = YES_ERROR;
				GCC_WARN_UNDECLARED_SELECTOR = YES;
				GCC_WARN_UNINITIALIZED_AUTOS = YES_AGGRESSIVE;
				GCC_WARN_UNUSED_FUNCTION = YES;
				GCC_WARN_UNUSED_VARIABLE = YES;
				IPHONEOS_DEPLOYMENT_TARGET = 10.2;
				MTL_ENABLE_DEBUG_INFO = YES;
				ONLY_ACTIVE_ARCH = YES;
				SDKROOT = iphoneos;
				SWIFT_ACTIVE_COMPILATION_CONDITIONS = DEBUG;
				SWIFT_OPTIMIZATION_LEVEL = "-Onone";
			};
			name = Debug;
		};
		CA4903061E44260900AD3B2B /* Release */ = {
			isa = XCBuildConfiguration;
			buildSettings = {
				ALWAYS_SEARCH_USER_PATHS = NO;
				CLANG_ANALYZER_NONNULL = YES;
				CLANG_CXX_LANGUAGE_STANDARD = "gnu++0x";
				CLANG_CXX_LIBRARY = "libc++";
				CLANG_ENABLE_MODULES = YES;
				CLANG_ENABLE_OBJC_ARC = YES;
				CLANG_WARN_BOOL_CONVERSION = YES;
				CLANG_WARN_CONSTANT_CONVERSION = YES;
				CLANG_WARN_DIRECT_OBJC_ISA_USAGE = YES_ERROR;
				CLANG_WARN_DOCUMENTATION_COMMENTS = YES;
				CLANG_WARN_EMPTY_BODY = YES;
				CLANG_WARN_ENUM_CONVERSION = YES;
				CLANG_WARN_INFINITE_RECURSION = YES;
				CLANG_WARN_INT_CONVERSION = YES;
				CLANG_WARN_OBJC_ROOT_CLASS = YES_ERROR;
				CLANG_WARN_SUSPICIOUS_MOVE = YES;
				CLANG_WARN_UNREACHABLE_CODE = YES;
				CLANG_WARN__DUPLICATE_METHOD_MATCH = YES;
				"CODE_SIGN_IDENTITY[sdk=iphoneos*]" = "iPhone Developer";
				COPY_PHASE_STRIP = NO;
				DEBUG_INFORMATION_FORMAT = "dwarf-with-dsym";
				ENABLE_NS_ASSERTIONS = NO;
				ENABLE_STRICT_OBJC_MSGSEND = YES;
				GCC_C_LANGUAGE_STANDARD = gnu99;
				GCC_NO_COMMON_BLOCKS = YES;
				GCC_WARN_64_TO_32_BIT_CONVERSION = YES;
				GCC_WARN_ABOUT_RETURN_TYPE = YES_ERROR;
				GCC_WARN_UNDECLARED_SELECTOR = YES;
				GCC_WARN_UNINITIALIZED_AUTOS = YES_AGGRESSIVE;
				GCC_WARN_UNUSED_FUNCTION = YES;
				GCC_WARN_UNUSED_VARIABLE = YES;
				IPHONEOS_DEPLOYMENT_TARGET = 10.2;
				MTL_ENABLE_DEBUG_INFO = NO;
				SDKROOT = iphoneos;
				SWIFT_OPTIMIZATION_LEVEL = "-Owholemodule";
				VALIDATE_PRODUCT = YES;
			};
			name = Release;
		};
		CA4903081E44260900AD3B2B /* Debug */ = {
			isa = XCBuildConfiguration;
			buildSettings = {
				ASSETCATALOG_COMPILER_APPICON_NAME = AppIcon;
				CLANG_ENABLE_MODULES = YES;
				FRAMEWORK_SEARCH_PATHS = (
					"$(inherited)",
					"$(PROJECT_DIR)/GameOne",
				);
				INFOPLIST_FILE = GameOne/Info.plist;
				IPHONEOS_DEPLOYMENT_TARGET = 9.0;
				LD_RUNPATH_SEARCH_PATHS = "$(inherited) @executable_path/Frameworks";
				PRODUCT_BUNDLE_IDENTIFIER = com.GameOne.GameOne;
				PRODUCT_NAME = "$(TARGET_NAME)";
				SWIFT_OBJC_BRIDGING_HEADER = "GameOne/GameOne-Bridging-Header.h";
				SWIFT_OPTIMIZATION_LEVEL = "-Onone";
				SWIFT_VERSION = 3.0;
				TARGETED_DEVICE_FAMILY = 1;
			};
			name = Debug;
		};
		CA4903091E44260900AD3B2B /* Release */ = {
			isa = XCBuildConfiguration;
			buildSettings = {
				ASSETCATALOG_COMPILER_APPICON_NAME = AppIcon;
				CLANG_ENABLE_MODULES = YES;
				FRAMEWORK_SEARCH_PATHS = (
					"$(inherited)",
					"$(PROJECT_DIR)/GameOne",
				);
				INFOPLIST_FILE = GameOne/Info.plist;
				IPHONEOS_DEPLOYMENT_TARGET = 9.0;
				LD_RUNPATH_SEARCH_PATHS = "$(inherited) @executable_path/Frameworks";
				PRODUCT_BUNDLE_IDENTIFIER = com.GameOne.GameOne;
				PRODUCT_NAME = "$(TARGET_NAME)";
				SWIFT_OBJC_BRIDGING_HEADER = "GameOne/GameOne-Bridging-Header.h";
				SWIFT_VERSION = 3.0;
				TARGETED_DEVICE_FAMILY = 1;
			};
			name = Release;
		};
		CA49030B1E44260900AD3B2B /* Debug */ = {
			isa = XCBuildConfiguration;
			buildSettings = {
				ALWAYS_EMBED_SWIFT_STANDARD_LIBRARIES = YES;
				BUNDLE_LOADER = "$(TEST_HOST)";
				INFOPLIST_FILE = GameOneTests/Info.plist;
				LD_RUNPATH_SEARCH_PATHS = "$(inherited) @executable_path/Frameworks @loader_path/Frameworks";
				PRODUCT_BUNDLE_IDENTIFIER = com.GameOne.GameOneTests;
				PRODUCT_NAME = "$(TARGET_NAME)";
				SWIFT_VERSION = 3.0;
				TEST_HOST = "$(BUILT_PRODUCTS_DIR)/GameOne.app/GameOne";
			};
			name = Debug;
		};
		CA49030C1E44260900AD3B2B /* Release */ = {
			isa = XCBuildConfiguration;
			buildSettings = {
				ALWAYS_EMBED_SWIFT_STANDARD_LIBRARIES = YES;
				BUNDLE_LOADER = "$(TEST_HOST)";
				INFOPLIST_FILE = GameOneTests/Info.plist;
				LD_RUNPATH_SEARCH_PATHS = "$(inherited) @executable_path/Frameworks @loader_path/Frameworks";
				PRODUCT_BUNDLE_IDENTIFIER = com.GameOne.GameOneTests;
				PRODUCT_NAME = "$(TARGET_NAME)";
				SWIFT_VERSION = 3.0;
				TEST_HOST = "$(BUILT_PRODUCTS_DIR)/GameOne.app/GameOne";
			};
			name = Release;
		};
		CA49030E1E44260900AD3B2B /* Debug */ = {
			isa = XCBuildConfiguration;
			buildSettings = {
				ALWAYS_EMBED_SWIFT_STANDARD_LIBRARIES = YES;
				INFOPLIST_FILE = GameOneUITests/Info.plist;
				LD_RUNPATH_SEARCH_PATHS = "$(inherited) @executable_path/Frameworks @loader_path/Frameworks";
				PRODUCT_BUNDLE_IDENTIFIER = com.GameOne.GameOneUITests;
				PRODUCT_NAME = "$(TARGET_NAME)";
				SWIFT_VERSION = 3.0;
				TEST_TARGET_NAME = GameOne;
			};
			name = Debug;
		};
		CA49030F1E44260900AD3B2B /* Release */ = {
			isa = XCBuildConfiguration;
			buildSettings = {
				ALWAYS_EMBED_SWIFT_STANDARD_LIBRARIES = YES;
				INFOPLIST_FILE = GameOneUITests/Info.plist;
				LD_RUNPATH_SEARCH_PATHS = "$(inherited) @executable_path/Frameworks @loader_path/Frameworks";
				PRODUCT_BUNDLE_IDENTIFIER = com.GameOne.GameOneUITests;
				PRODUCT_NAME = "$(TARGET_NAME)";
				SWIFT_VERSION = 3.0;
				TEST_TARGET_NAME = GameOne;
			};
			name = Release;
		};
/* End XCBuildConfiguration section */

/* Begin XCConfigurationList section */
		CA4902D41E44260800AD3B2B /* Build configuration list for PBXProject "GameOne" */ = {
			isa = XCConfigurationList;
			buildConfigurations = (
				CA4903051E44260900AD3B2B /* Debug */,
				CA4903061E44260900AD3B2B /* Release */,
			);
			defaultConfigurationIsVisible = 0;
			defaultConfigurationName = Release;
		};
		CA4903071E44260900AD3B2B /* Build configuration list for PBXNativeTarget "GameOne" */ = {
			isa = XCConfigurationList;
			buildConfigurations = (
				CA4903081E44260900AD3B2B /* Debug */,
				CA4903091E44260900AD3B2B /* Release */,
			);
			defaultConfigurationIsVisible = 0;
			defaultConfigurationName = Release;
		};
		CA49030A1E44260900AD3B2B /* Build configuration list for PBXNativeTarget "GameOneTests" */ = {
			isa = XCConfigurationList;
			buildConfigurations = (
				CA49030B1E44260900AD3B2B /* Debug */,
				CA49030C1E44260900AD3B2B /* Release */,
			);
			defaultConfigurationIsVisible = 0;
			defaultConfigurationName = Release;
		};
		CA49030D1E44260900AD3B2B /* Build configuration list for PBXNativeTarget "GameOneUITests" */ = {
			isa = XCConfigurationList;
			buildConfigurations = (
				CA49030E1E44260900AD3B2B /* Debug */,
				CA49030F1E44260900AD3B2B /* Release */,
			);
			defaultConfigurationIsVisible = 0;
			defaultConfigurationName = Release;
		};
/* End XCConfigurationList section */
	};
	rootObject = CA4902D11E44260800AD3B2B /* Project object */;
}
